
Microsoft Visual Studio Solution File, Format Version 12.00
# Visual Studio 14
VisualStudioVersion = 14.0.25420.1
MinimumVisualStudioVersion = 10.0.40219.1
Project("{FAE04EC0-301F-11D3-BF4B-00C04F79EFBC}") = "CapaDatos", "CapaDatos\CapaDatos.csproj", "{B7D28AB8-174A-4456-B0A0-08B7B4B97852}"
EndProject
Project("{FAE04EC0-301F-11D3-BF4B-00C04F79EFBC}") = "CapaEntidades", "CapaEntidades\CapaEntidades.csproj", "{4239588F-583E-467B-AAB1-9AA4834524AE}"
EndProject
Project("{FAE04EC0-301F-11D3-BF4B-00C04F79EFBC}") = "CapaNegocio", "CapaNegocio\CapaNegocio.csproj", "{2DE12C90-7CE3-47E0-81AA-735C71C3E28C}"
EndProject
Project("{FAE04EC0-301F-11D3-BF4B-00C04F79EFBC}") = "CapaPresentacion", "CapaPresentacion\CapaPresentacion.csproj", "{8E780400-A51A-444C-BEFB-2D2A3DA8901B}"
EndProject
Global
	GlobalSection(SolutionConfigurationPlatforms) = preSolution
		Debug|Any CPU = Debug|Any CPU
		Release|Any CPU = Release|Any CPU
	EndGlobalSection
	GlobalSection(ProjectConfigurationPlatforms) = postSolution
		{B7D28AB8-174A-4456-B0A0-08B7B4B97852}.Debug|Any CPU.ActiveCfg = Debug|Any CPU
		{B7D28AB8-174A-4456-B0A0-08B7B4B97852}.Debug|Any CPU.Build.0 = Debug|Any CPU
		{B7D28AB8-174A-4456-B0A0-08B7B4B97852}.Release|Any CPU.ActiveCfg = Release|Any CPU
		{B7D28AB8-174A-4456-B0A0-08B7B4B97852}.Release|Any CPU.Build.0 = Release|Any CPU
		{4239588F-583E-467B-AAB1-9AA4834524AE}.Debug|Any CPU.ActiveCfg = Debug|Any CPU
		{4239588F-583E-467B-AAB1-9AA4834524AE}.Debug|Any CPU.Build.0 = Debug|Any CPU
		{4239588F-583E-467B-AAB1-9AA4834524AE}.Release|Any CPU.ActiveCfg = Release|Any CPU
		{4239588F-583E-467B-AAB1-9AA4834524AE}.Release|Any CPU.Build.0 = Release|Any CPU
		{2DE12C90-7CE3-47E0-81AA-735C71C3E28C}.Debug|Any CPU.ActiveCfg = Debug|Any CPU
		{2DE12C90-7CE3-47E0-81AA-735C71C3E28C}.Debug|Any CPU.Build.0 = Debug|Any CPU
		{2DE12C90-7CE3-47E0-81AA-735C71C3E28C}.Release|Any CPU.ActiveCfg = Release|Any CPU
		{2DE12C90-7CE3-47E0-81AA-735C71C3E28C}.Release|Any CPU.Build.0 = Release|Any CPU
		{8E780400-A51A-444C-BEFB-2D2A3DA8901B}.Debug|Any CPU.ActiveCfg = Debug|Any CPU
		{8E780400-A51A-444C-BEFB-2D2A3DA8901B}.Debug|Any CPU.Build.0 = Debug|Any CPU
		{8E780400-A51A-444C-BEFB-2D2A3DA8901B}.Release|Any CPU.ActiveCfg = Release|Any CPU
		{8E780400-A51A-444C-BEFB-2D2A3DA8901B}.Release|Any CPU.Build.0 = Release|Any CPU
	EndGlobalSection
	GlobalSection(SolutionProperties) = preSolution
		HideSolutionNode = FALSE
	EndGlobalSection
EndGlobal
